<?xml version="1.0" encoding="utf-8"?>
<Project ToolsVersion="4.0" xmlns="http://schemas.microsoft.com/developer/msbuild/2003">
  <ItemGroup>
    <Filter Include="Resource Files">
      <UniqueIdentifier>{67DA6AB6-F800-4c08-8B7A-83BB121AAD01}</UniqueIdentifier>
      <Extensions>rc;ico;cur;bmp;dlg;rc2;rct;bin;rgs;gif;jpg;jpeg;jpe;resx;tiff;tif;png;wav;mfcribbon-ms</Extensions>
    </Filter>
    <Filter Include="General Files">
      <UniqueIdentifier>{60ea413a-1c9b-4b90-817d-7608e2e1e068}</UniqueIdentifier>
    </Filter>
    <Filter Include="General Files\Interaction Files">
      <UniqueIdentifier>{ffde3849-efa8-4bc8-be38-0c37a57a9638}</UniqueIdentifier>
    </Filter>
    <Filter Include="General Files\Header Files">
      <UniqueIdentifier>{93995380-89BD-4b04-88EB-625FBE52EBFB}</UniqueIdentifier>
      <Extensions>h;hh;hpp;hxx;hm;inl;inc;xsd</Extensions>
    </Filter>
    <Filter Include="General Files\Source Files">
      <UniqueIdentifier>{4FC737F1-C7A5-4376-A066-2A32D752A2FF}</UniqueIdentifier>
      <Extensions>cpp;c;cc;cxx;def;odl;idl;hpj;bat;asm;asmx</Extensions>
    </Filter>
  </ItemGroup>
  <ItemGroup>
    <Text Include="ReadMe.txt" />
  </ItemGroup>
  <ItemGroup>
    <ClInclude Include="stdafx.h">
      <Filter>General Files\Header Files</Filter>
    </ClInclude>
    <ClInclude Include="targetver.h">
      <Filter>General Files\Header Files</Filter>
    </ClInclude>
    <ClInclude Include="header\host_user_interaction.h">
      <Filter>General Files\Interaction Files</Filter>
    </ClInclude>
    <ClInclude Include="header\host_user_interaction_res.h">
      <Filter>General Files\Interaction Files</Filter>
    </ClInclude>
  </ItemGroup>
  <ItemGroup>
    <ClCompile Include="stdafx.cpp">
      <Filter>General Files\Source Files</Filter>
    </ClCompile>
    <ClCompile Include="source\community_evolution_main.cpp">
      <Filter>General Files\Source Files</Filter>
    </ClCompile>
    <ClCompile Include="source\host_user_interaction.cpp">
      <Filter>General Files\Interaction Files</Filter>
    </ClCompile>
    <ClCompile Include="source\host_user_interaction_res.cpp">
      <Filter>General Files\Interaction Files</Filter>
    </ClCompile>
  </ItemGroup>
</Project>